// !$*UTF8*$!
{
	archiveVersion = 1;
	classes = {
	};
	objectVersion = 48;
	objects = {

/* Begin PBXBuildFile section */
		3F3B8D7720557A70000CD179 /* AppDelegate.m in Sources */ = {isa = PBXBuildFile; fileRef = 3F3B8D7620557A70000CD179 /* AppDelegate.m */; };
		3F3B8D7A20557A70000CD179 /* ViewController.m in Sources */ = {isa = PBXBuildFile; fileRef = 3F3B8D7920557A70000CD179 /* ViewController.m */; };
		3F3B8D7D20557A70000CD179 /* Main.storyboard in Resources */ = {isa = PBXBuildFile; fileRef = 3F3B8D7B20557A70000CD179 /* Main.storyboard */; };
		3F3B8D7F20557A70000CD179 /* Assets.xcassets in Resources */ = {isa = PBXBuildFile; fileRef = 3F3B8D7E20557A70000CD179 /* Assets.xcassets */; };
		3F3B8D8220557A70000CD179 /* LaunchScreen.storyboard in Resources */ = {isa = PBXBuildFile; fileRef = 3F3B8D8020557A70000CD179 /* LaunchScreen.storyboard */; };
		3F3B8D8520557A70000CD179 /* main.m in Sources */ = {isa = PBXBuildFile; fileRef = 3F3B8D8420557A70000CD179 /* main.m */; };
		3F3B8D8F20557A70000CD179 /* caogaoan3Tests.m in Sources */ = {isa = PBXBuildFile; fileRef = 3F3B8D8E20557A70000CD179 /* caogaoan3Tests.m */; };
		3F3B8D9A20557A70000CD179 /* caogaoan3UITests.m in Sources */ = {isa = PBXBuildFile; fileRef = 3F3B8D9920557A70000CD179 /* caogaoan3UITests.m */; };
		3F3B8DA820557B1C000CD179 /* Podfile in Resources */ = {isa = PBXBuildFile; fileRef = 3F3B8DA720557B1C000CD179 /* Podfile */; };
		3F3B8DB420557C25000CD179 /* Father.m in Sources */ = {isa = PBXBuildFile; fileRef = 3F3B8DAA20557C25000CD179 /* Father.m */; };
		3F3B8DB520557C25000CD179 /* TestMsgSend.m in Sources */ = {isa = PBXBuildFile; fileRef = 3F3B8DAD20557C25000CD179 /* TestMsgSend.m */; };
		3F3B8DB620557C25000CD179 /* TestMsgsend1.m in Sources */ = {isa = PBXBuildFile; fileRef = 3F3B8DAF20557C25000CD179 /* TestMsgsend1.m */; };
		3F3B8DB720557C25000CD179 /* TestMsgSendFather.m in Sources */ = {isa = PBXBuildFile; fileRef = 3F3B8DB120557C25000CD179 /* TestMsgSendFather.m */; };
		3F3B8DB820557C25000CD179 /* Son.m in Sources */ = {isa = PBXBuildFile; fileRef = 3F3B8DB320557C25000CD179 /* Son.m */; };
		3F3EFC67208253A4002948DF /* LookBlockInRuntime.m in Sources */ = {isa = PBXBuildFile; fileRef = 3F3EFC66208253A4002948DF /* LookBlockInRuntime.m */; };
		3F82D478205FDDFB00853596 /* CoreTextController.m in Sources */ = {isa = PBXBuildFile; fileRef = 3F82D477205FDDFB00853596 /* CoreTextController.m */; };
		3F82D47B205FDE1900853596 /* CTDisplayView.m in Sources */ = {isa = PBXBuildFile; fileRef = 3F82D47A205FDE1900853596 /* CTDisplayView.m */; };
		3F82D480205FEFE900853596 /* IMController.m in Sources */ = {isa = PBXBuildFile; fileRef = 3F82D47F205FEFE900853596 /* IMController.m */; };
		3F82D484205FF89800853596 /* RACController.m in Sources */ = {isa = PBXBuildFile; fileRef = 3F82D483205FF89800853596 /* RACController.m */; };
		3F991F772084E64B00C4274D /* Person.m in Sources */ = {isa = PBXBuildFile; fileRef = 3F991F762084E64B00C4274D /* Person.m */; };
		3F991F7A2084E6BA00C4274D /* ArchiverTool.m in Sources */ = {isa = PBXBuildFile; fileRef = 3F991F792084E6BA00C4274D /* ArchiverTool.m */; };
		3F991F7D2084EA6400C4274D /* ArchiveCopyController.m in Sources */ = {isa = PBXBuildFile; fileRef = 3F991F7C2084EA6400C4274D /* ArchiveCopyController.m */; };
		3F991F832084EB1700C4274D /* RootViewController.m in Sources */ = {isa = PBXBuildFile; fileRef = 3F991F822084EB1700C4274D /* RootViewController.m */; };
		3FB8B1DB20878DCC00F5E420 /* GCDViewController.m in Sources */ = {isa = PBXBuildFile; fileRef = 3FB8B1DA20878DCC00F5E420 /* GCDViewController.m */; };
		3FBF8DB7205ABC0700D6A716 /* SocketController.m in Sources */ = {isa = PBXBuildFile; fileRef = 3FBF8DB6205ABC0700D6A716 /* SocketController.m */; };
		67E97E3A8D9003E14594BBBF /* libPods-caogaoan3.a in Frameworks */ = {isa = PBXBuildFile; fileRef = 716E1E53E55C5EF5EC90906F /* libPods-caogaoan3.a */; };
/* End PBXBuildFile section */

/* Begin PBXContainerItemProxy section */
		3F3B8D8B20557A70000CD179 /* PBXContainerItemProxy */ = {
			isa = PBXContainerItemProxy;
			containerPortal = 3F3B8D6A20557A70000CD179 /* Project object */;
			proxyType = 1;
			remoteGlobalIDString = 3F3B8D7120557A70000CD179;
			remoteInfo = caogaoan3;
		};
		3F3B8D9620557A70000CD179 /* PBXContainerItemProxy */ = {
			isa = PBXContainerItemProxy;
			containerPortal = 3F3B8D6A20557A70000CD179 /* Project object */;
			proxyType = 1;
			remoteGlobalIDString = 3F3B8D7120557A70000CD179;
			remoteInfo = caogaoan3;
		};
/* End PBXContainerItemProxy section */

/* Begin PBXFileReference section */
		25FA2FC84E2BB44DE664D6AA /* Pods-caogaoan3.debug.xcconfig */ = {isa = PBXFileReference; includeInIndex = 1; lastKnownFileType = text.xcconfig; name = "Pods-caogaoan3.debug.xcconfig"; path = "Pods/Target Support Files/Pods-caogaoan3/Pods-caogaoan3.debug.xcconfig"; sourceTree = "<group>"; };
		3C73453CE994885FDD0EBE8B /* Pods-caogaoan3.release.xcconfig */ = {isa = PBXFileReference; includeInIndex = 1; lastKnownFileType = text.xcconfig; name = "Pods-caogaoan3.release.xcconfig"; path = "Pods/Target Support Files/Pods-caogaoan3/Pods-caogaoan3.release.xcconfig"; sourceTree = "<group>"; };
		3F3B8D7220557A70000CD179 /* caogaoan3.app */ = {isa = PBXFileReference; explicitFileType = wrapper.application; includeInIndex = 0; path = caogaoan3.app; sourceTree = BUILT_PRODUCTS_DIR; };
		3F3B8D7520557A70000CD179 /* AppDelegate.h */ = {isa = PBXFileReference; lastKnownFileType = sourcecode.c.h; path = AppDelegate.h; sourceTree = "<group>"; };
		3F3B8D7620557A70000CD179 /* AppDelegate.m */ = {isa = PBXFileReference; lastKnownFileType = sourcecode.c.objc; path = AppDelegate.m; sourceTree = "<group>"; };
		3F3B8D7820557A70000CD179 /* ViewController.h */ = {isa = PBXFileReference; lastKnownFileType = sourcecode.c.h; path = ViewController.h; sourceTree = "<group>"; };
		3F3B8D7920557A70000CD179 /* ViewController.m */ = {isa = PBXFileReference; lastKnownFileType = sourcecode.c.objc; path = ViewController.m; sourceTree = "<group>"; };
		3F3B8D7C20557A70000CD179 /* Base */ = {isa = PBXFileReference; lastKnownFileType = file.storyboard; name = Base; path = Base.lproj/Main.storyboard; sourceTree = "<group>"; };
		3F3B8D7E20557A70000CD179 /* Assets.xcassets */ = {isa = PBXFileReference; lastKnownFileType = folder.assetcatalog; path = Assets.xcassets; sourceTree = "<group>"; };
		3F3B8D8120557A70000CD179 /* Base */ = {isa = PBXFileReference; lastKnownFileType = file.storyboard; name = Base; path = Base.lproj/LaunchScreen.storyboard; sourceTree = "<group>"; };
		3F3B8D8320557A70000CD179 /* Info.plist */ = {isa = PBXFileReference; lastKnownFileType = text.plist.xml; path = Info.plist; sourceTree = "<group>"; };
		3F3B8D8420557A70000CD179 /* main.m */ = {isa = PBXFileReference; lastKnownFileType = sourcecode.c.objc; path = main.m; sourceTree = "<group>"; };
		3F3B8D8A20557A70000CD179 /* caogaoan3Tests.xctest */ = {isa = PBXFileReference; explicitFileType = wrapper.cfbundle; includeInIndex = 0; path = caogaoan3Tests.xctest; sourceTree = BUILT_PRODUCTS_DIR; };
		3F3B8D8E20557A70000CD179 /* caogaoan3Tests.m */ = {isa = PBXFileReference; lastKnownFileType = sourcecode.c.objc; path = caogaoan3Tests.m; sourceTree = "<group>"; };
		3F3B8D9020557A70000CD179 /* Info.plist */ = {isa = PBXFileReference; lastKnownFileType = text.plist.xml; path = Info.plist; sourceTree = "<group>"; };
		3F3B8D9520557A70000CD179 /* caogaoan3UITests.xctest */ = {isa = PBXFileReference; explicitFileType = wrapper.cfbundle; includeInIndex = 0; path = caogaoan3UITests.xctest; sourceTree = BUILT_PRODUCTS_DIR; };
		3F3B8D9920557A70000CD179 /* caogaoan3UITests.m */ = {isa = PBXFileReference; lastKnownFileType = sourcecode.c.objc; path = caogaoan3UITests.m; sourceTree = "<group>"; };
		3F3B8D9B20557A70000CD179 /* Info.plist */ = {isa = PBXFileReference; lastKnownFileType = text.plist.xml; path = Info.plist; sourceTree = "<group>"; };
		3F3B8DA720557B1C000CD179 /* Podfile */ = {isa = PBXFileReference; lastKnownFileType = text; path = Podfile; sourceTree = "<group>"; xcLanguageSpecificationIdentifier = xcode.lang.ruby; };
		3F3B8DA920557C25000CD179 /* Father.h */ = {isa = PBXFileReference; fileEncoding = 4; lastKnownFileType = sourcecode.c.h; path = Father.h; sourceTree = "<group>"; };
		3F3B8DAA20557C25000CD179 /* Father.m */ = {isa = PBXFileReference; fileEncoding = 4; lastKnownFileType = sourcecode.c.objc; path = Father.m; sourceTree = "<group>"; };
		3F3B8DAC20557C25000CD179 /* TestMsgSend.h */ = {isa = PBXFileReference; fileEncoding = 4; lastKnownFileType = sourcecode.c.h; path = TestMsgSend.h; sourceTree = "<group>"; };
		3F3B8DAD20557C25000CD179 /* TestMsgSend.m */ = {isa = PBXFileReference; fileEncoding = 4; lastKnownFileType = sourcecode.c.objc; path = TestMsgSend.m; sourceTree = "<group>"; };
		3F3B8DAE20557C25000CD179 /* TestMsgsend1.h */ = {isa = PBXFileReference; fileEncoding = 4; lastKnownFileType = sourcecode.c.h; path = TestMsgsend1.h; sourceTree = "<group>"; };
		3F3B8DAF20557C25000CD179 /* TestMsgsend1.m */ = {isa = PBXFileReference; fileEncoding = 4; lastKnownFileType = sourcecode.c.objc; path = TestMsgsend1.m; sourceTree = "<group>"; };
		3F3B8DB020557C25000CD179 /* TestMsgSendFather.h */ = {isa = PBXFileReference; fileEncoding = 4; lastKnownFileType = sourcecode.c.h; path = TestMsgSendFather.h; sourceTree = "<group>"; };
		3F3B8DB120557C25000CD179 /* TestMsgSendFather.m */ = {isa = PBXFileReference; fileEncoding = 4; lastKnownFileType = sourcecode.c.objc; path = TestMsgSendFather.m; sourceTree = "<group>"; };
		3F3B8DB220557C25000CD179 /* Son.h */ = {isa = PBXFileReference; fileEncoding = 4; lastKnownFileType = sourcecode.c.h; path = Son.h; sourceTree = "<group>"; };
		3F3B8DB320557C25000CD179 /* Son.m */ = {isa = PBXFileReference; fileEncoding = 4; lastKnownFileType = sourcecode.c.objc; path = Son.m; sourceTree = "<group>"; };
		3F3EFC65208253A4002948DF /* LookBlockInRuntime.h */ = {isa = PBXFileReference; lastKnownFileType = sourcecode.c.h; path = LookBlockInRuntime.h; sourceTree = "<group>"; };
		3F3EFC66208253A4002948DF /* LookBlockInRuntime.m */ = {isa = PBXFileReference; lastKnownFileType = sourcecode.c.objc; path = LookBlockInRuntime.m; sourceTree = "<group>"; };
		3F82D476205FDDFB00853596 /* CoreTextController.h */ = {isa = PBXFileReference; lastKnownFileType = sourcecode.c.h; path = CoreTextController.h; sourceTree = "<group>"; };
		3F82D477205FDDFB00853596 /* CoreTextController.m */ = {isa = PBXFileReference; lastKnownFileType = sourcecode.c.objc; path = CoreTextController.m; sourceTree = "<group>"; };
		3F82D479205FDE1900853596 /* CTDisplayView.h */ = {isa = PBXFileReference; lastKnownFileType = sourcecode.c.h; path = CTDisplayView.h; sourceTree = "<group>"; };
		3F82D47A205FDE1900853596 /* CTDisplayView.m */ = {isa = PBXFileReference; lastKnownFileType = sourcecode.c.objc; path = CTDisplayView.m; sourceTree = "<group>"; };
		3F82D47E205FEFE900853596 /* IMController.h */ = {isa = PBXFileReference; lastKnownFileType = sourcecode.c.h; path = IMController.h; sourceTree = "<group>"; };
		3F82D47F205FEFE900853596 /* IMController.m */ = {isa = PBXFileReference; lastKnownFileType = sourcecode.c.objc; path = IMController.m; sourceTree = "<group>"; };
		3F82D482205FF89800853596 /* RACController.h */ = {isa = PBXFileReference; lastKnownFileType = sourcecode.c.h; path = RACController.h; sourceTree = "<group>"; };
		3F82D483205FF89800853596 /* RACController.m */ = {isa = PBXFileReference; lastKnownFileType = sourcecode.c.objc; path = RACController.m; sourceTree = "<group>"; };
		3F991F752084E64B00C4274D /* Person.h */ = {isa = PBXFileReference; lastKnownFileType = sourcecode.c.h; path = Person.h; sourceTree = "<group>"; };
		3F991F762084E64B00C4274D /* Person.m */ = {isa = PBXFileReference; lastKnownFileType = sourcecode.c.objc; path = Person.m; sourceTree = "<group>"; };
		3F991F782084E6BA00C4274D /* ArchiverTool.h */ = {isa = PBXFileReference; lastKnownFileType = sourcecode.c.h; path = ArchiverTool.h; sourceTree = "<group>"; };
		3F991F792084E6BA00C4274D /* ArchiverTool.m */ = {isa = PBXFileReference; lastKnownFileType = sourcecode.c.objc; path = ArchiverTool.m; sourceTree = "<group>"; };
		3F991F7B2084EA6400C4274D /* ArchiveCopyController.h */ = {isa = PBXFileReference; lastKnownFileType = sourcecode.c.h; path = ArchiveCopyController.h; sourceTree = "<group>"; };
		3F991F7C2084EA6400C4274D /* ArchiveCopyController.m */ = {isa = PBXFileReference; lastKnownFileType = sourcecode.c.objc; path = ArchiveCopyController.m; sourceTree = "<group>"; };
		3F991F812084EB1700C4274D /* RootViewController.h */ = {isa = PBXFileReference; lastKnownFileType = sourcecode.c.h; path = RootViewController.h; sourceTree = "<group>"; };
		3F991F822084EB1700C4274D /* RootViewController.m */ = {isa = PBXFileReference; lastKnownFileType = sourcecode.c.objc; path = RootViewController.m; sourceTree = "<group>"; };
		3FB8B1D920878DCC00F5E420 /* GCDViewController.h */ = {isa = PBXFileReference; lastKnownFileType = sourcecode.c.h; path = GCDViewController.h; sourceTree = "<group>"; };
		3FB8B1DA20878DCC00F5E420 /* GCDViewController.m */ = {isa = PBXFileReference; lastKnownFileType = sourcecode.c.objc; path = GCDViewController.m; sourceTree = "<group>"; };
		3FBF8DB5205ABC0700D6A716 /* SocketController.h */ = {isa = PBXFileReference; lastKnownFileType = sourcecode.c.h; path = SocketController.h; sourceTree = "<group>"; };
		3FBF8DB6205ABC0700D6A716 /* SocketController.m */ = {isa = PBXFileReference; lastKnownFileType = sourcecode.c.objc; path = SocketController.m; sourceTree = "<group>"; };
		716E1E53E55C5EF5EC90906F /* libPods-caogaoan3.a */ = {isa = PBXFileReference; explicitFileType = archive.ar; includeInIndex = 0; path = "libPods-caogaoan3.a"; sourceTree = BUILT_PRODUCTS_DIR; };
/* End PBXFileReference section */

/* Begin PBXFrameworksBuildPhase section */
		3F3B8D6F20557A70000CD179 /* Frameworks */ = {
			isa = PBXFrameworksBuildPhase;
			buildActionMask = 2147483647;
			files = (
				67E97E3A8D9003E14594BBBF /* libPods-caogaoan3.a in Frameworks */,
			);
			runOnlyForDeploymentPostprocessing = 0;
		};
		3F3B8D8720557A70000CD179 /* Frameworks */ = {
			isa = PBXFrameworksBuildPhase;
			buildActionMask = 2147483647;
			files = (
			);
			runOnlyForDeploymentPostprocessing = 0;
		};
		3F3B8D9220557A70000CD179 /* Frameworks */ = {
			isa = PBXFrameworksBuildPhase;
			buildActionMask = 2147483647;
			files = (
			);
			runOnlyForDeploymentPostprocessing = 0;
		};
/* End PBXFrameworksBuildPhase section */

/* Begin PBXGroup section */
		3F3B8D6920557A70000CD179 = {
			isa = PBXGroup;
			children = (
				3F3B8DA720557B1C000CD179 /* Podfile */,
				3F3B8D7420557A70000CD179 /* caogaoan3 */,
				3F3B8D8D20557A70000CD179 /* caogaoan3Tests */,
				3F3B8D9820557A70000CD179 /* caogaoan3UITests */,
				3F3B8D7320557A70000CD179 /* Products */,
				6EDA0B61A819BC1A6871022B /* Pods */,
				457C3F78B11D61979BFDD340 /* Frameworks */,
			);
			sourceTree = "<group>";
		};
		3F3B8D7320557A70000CD179 /* Products */ = {
			isa = PBXGroup;
			children = (
				3F3B8D7220557A70000CD179 /* caogaoan3.app */,
				3F3B8D8A20557A70000CD179 /* caogaoan3Tests.xctest */,
				3F3B8D9520557A70000CD179 /* caogaoan3UITests.xctest */,
			);
			name = Products;
			sourceTree = "<group>";
		};
		3F3B8D7420557A70000CD179 /* caogaoan3 */ = {
			isa = PBXGroup;
			children = (
				3F991F812084EB1700C4274D /* RootViewController.h */,
				3F991F822084EB1700C4274D /* RootViewController.m */,
				3FB8B1D820878DAB00F5E420 /* GCD */,
				3F991F742084E62200C4274D /* Runtime自动归档 */,
				3F3EFC6420825375002948DF /* BlockInRunTime */,
				3F82D481205FF87E00853596 /* RAC+MVVM */,
				3F82D47D205FEFCB00853596 /* IMUI */,
				3F82D475205FDDDA00853596 /* GPUImage */,
				3F82D474205FDDC700853596 /* CoreText */,
				3FBF8DB4205ABBEC00D6A716 /* socket */,
				3F3B8DAB20557C25000CD179 /* 消息转发机制 */,
				3F3B8DA920557C25000CD179 /* Father.h */,
				3F3B8DAA20557C25000CD179 /* Father.m */,
				3F3B8DB220557C25000CD179 /* Son.h */,
				3F3B8DB320557C25000CD179 /* Son.m */,
				3F3B8D7520557A70000CD179 /* AppDelegate.h */,
				3F3B8D7620557A70000CD179 /* AppDelegate.m */,
				3F3B8D7820557A70000CD179 /* ViewController.h */,
				3F3B8D7920557A70000CD179 /* ViewController.m */,
				3F3B8D7B20557A70000CD179 /* Main.storyboard */,
				3F3B8D7E20557A70000CD179 /* Assets.xcassets */,
				3F3B8D8020557A70000CD179 /* LaunchScreen.storyboard */,
				3F3B8D8320557A70000CD179 /* Info.plist */,
				3F3B8D8420557A70000CD179 /* main.m */,
			);
			path = caogaoan3;
			sourceTree = "<group>";
		};
		3F3B8D8D20557A70000CD179 /* caogaoan3Tests */ = {
			isa = PBXGroup;
			children = (
				3F3B8D8E20557A70000CD179 /* caogaoan3Tests.m */,
				3F3B8D9020557A70000CD179 /* Info.plist */,
			);
			path = caogaoan3Tests;
			sourceTree = "<group>";
		};
		3F3B8D9820557A70000CD179 /* caogaoan3UITests */ = {
			isa = PBXGroup;
			children = (
				3F3B8D9920557A70000CD179 /* caogaoan3UITests.m */,
				3F3B8D9B20557A70000CD179 /* Info.plist */,
			);
			path = caogaoan3UITests;
			sourceTree = "<group>";
		};
		3F3B8DAB20557C25000CD179 /* 消息转发机制 */ = {
			isa = PBXGroup;
			children = (
				3F3B8DAC20557C25000CD179 /* TestMsgSend.h */,
				3F3B8DAD20557C25000CD179 /* TestMsgSend.m */,
				3F3B8DAE20557C25000CD179 /* TestMsgsend1.h */,
				3F3B8DAF20557C25000CD179 /* TestMsgsend1.m */,
				3F3B8DB020557C25000CD179 /* TestMsgSendFather.h */,
				3F3B8DB120557C25000CD179 /* TestMsgSendFather.m */,
			);
			path = "消息转发机制";
			sourceTree = "<group>";
		};
		3F3EFC6420825375002948DF /* BlockInRunTime */ = {
			isa = PBXGroup;
			children = (
				3F3EFC65208253A4002948DF /* LookBlockInRuntime.h */,
				3F3EFC66208253A4002948DF /* LookBlockInRuntime.m */,
			);
			path = BlockInRunTime;
			sourceTree = "<group>";
		};
		3F82D474205FDDC700853596 /* CoreText */ = {
			isa = PBXGroup;
			children = (
				3F82D476205FDDFB00853596 /* CoreTextController.h */,
				3F82D477205FDDFB00853596 /* CoreTextController.m */,
				3F82D479205FDE1900853596 /* CTDisplayView.h */,
				3F82D47A205FDE1900853596 /* CTDisplayView.m */,
			);
			path = CoreText;
			sourceTree = "<group>";
		};
		3F82D475205FDDDA00853596 /* GPUImage */ = {
			isa = PBXGroup;
			children = (
				3F82D47C205FEFC700853596 /* New Group */,
			);
			path = GPUImage;
			sourceTree = "<group>";
		};
		3F82D47C205FEFC700853596 /* New Group */ = {
			isa = PBXGroup;
			children = (
			);
			path = "New Group";
			sourceTree = "<group>";
		};
		3F82D47D205FEFCB00853596 /* IMUI */ = {
			isa = PBXGroup;
			children = (
				3F82D47E205FEFE900853596 /* IMController.h */,
				3F82D47F205FEFE900853596 /* IMController.m */,
			);
			path = IMUI;
			sourceTree = "<group>";
		};
		3F82D481205FF87E00853596 /* RAC+MVVM */ = {
			isa = PBXGroup;
			children = (
				3F82D482205FF89800853596 /* RACController.h */,
				3F82D483205FF89800853596 /* RACController.m */,
			);
			path = "RAC+MVVM";
			sourceTree = "<group>";
		};
		3F991F742084E62200C4274D /* Runtime自动归档 */ = {
			isa = PBXGroup;
			children = (
				3F991F752084E64B00C4274D /* Person.h */,
				3F991F762084E64B00C4274D /* Person.m */,
				3F991F782084E6BA00C4274D /* ArchiverTool.h */,
				3F991F792084E6BA00C4274D /* ArchiverTool.m */,
				3F991F7B2084EA6400C4274D /* ArchiveCopyController.h */,
				3F991F7C2084EA6400C4274D /* ArchiveCopyController.m */,
			);
			path = "Runtime自动归档";
			sourceTree = "<group>";
		};
		3FB8B1D820878DAB00F5E420 /* GCD */ = {
			isa = PBXGroup;
			children = (
				3FB8B1D920878DCC00F5E420 /* GCDViewController.h */,
				3FB8B1DA20878DCC00F5E420 /* GCDViewController.m */,
			);
			path = GCD;
			sourceTree = "<group>";
		};
		3FBF8DB4205ABBEC00D6A716 /* socket */ = {
			isa = PBXGroup;
			children = (
				3FBF8DB5205ABC0700D6A716 /* SocketController.h */,
				3FBF8DB6205ABC0700D6A716 /* SocketController.m */,
			);
			path = socket;
			sourceTree = "<group>";
		};
		457C3F78B11D61979BFDD340 /* Frameworks */ = {
			isa = PBXGroup;
			children = (
				716E1E53E55C5EF5EC90906F /* libPods-caogaoan3.a */,
			);
			name = Frameworks;
			sourceTree = "<group>";
		};
		6EDA0B61A819BC1A6871022B /* Pods */ = {
			isa = PBXGroup;
			children = (
				25FA2FC84E2BB44DE664D6AA /* Pods-caogaoan3.debug.xcconfig */,
				3C73453CE994885FDD0EBE8B /* Pods-caogaoan3.release.xcconfig */,
			);
			name = Pods;
			sourceTree = "<group>";
		};
/* End PBXGroup section */

/* Begin PBXNativeTarget section */
		3F3B8D7120557A70000CD179 /* caogaoan3 */ = {
			isa = PBXNativeTarget;
			buildConfigurationList = 3F3B8D9E20557A70000CD179 /* Build configuration list for PBXNativeTarget "caogaoan3" */;
			buildPhases = (
				26F37E0F6C0F5E55BCF7CB2F /* [CP] Check Pods Manifest.lock */,
				3F3B8D6E20557A70000CD179 /* Sources */,
				3F3B8D6F20557A70000CD179 /* Frameworks */,
				3F3B8D7020557A70000CD179 /* Resources */,
				7F60773E650C83943BCB542B /* [CP] Embed Pods Frameworks */,
				772447BCB7243F74E4E77E5D /* [CP] Copy Pods Resources */,
			);
			buildRules = (
			);
			dependencies = (
			);
			name = caogaoan3;
			productName = caogaoan3;
			productReference = 3F3B8D7220557A70000CD179 /* caogaoan3.app */;
			productType = "com.apple.product-type.application";
		};
		3F3B8D8920557A70000CD179 /* caogaoan3Tests */ = {
			isa = PBXNativeTarget;
			buildConfigurationList = 3F3B8DA120557A70000CD179 /* Build configuration list for PBXNativeTarget "caogaoan3Tests" */;
			buildPhases = (
				3F3B8D8620557A70000CD179 /* Sources */,
				3F3B8D8720557A70000CD179 /* Frameworks */,
				3F3B8D8820557A70000CD179 /* Resources */,
			);
			buildRules = (
			);
			dependencies = (
				3F3B8D8C20557A70000CD179 /* PBXTargetDependency */,
			);
			name = caogaoan3Tests;
			productName = caogaoan3Tests;
			productReference = 3F3B8D8A20557A70000CD179 /* caogaoan3Tests.xctest */;
			productType = "com.apple.product-type.bundle.unit-test";
		};
		3F3B8D9420557A70000CD179 /* caogaoan3UITests */ = {
			isa = PBXNativeTarget;
			buildConfigurationList = 3F3B8DA420557A70000CD179 /* Build configuration list for PBXNativeTarget "caogaoan3UITests" */;
			buildPhases = (
				3F3B8D9120557A70000CD179 /* Sources */,
				3F3B8D9220557A70000CD179 /* Frameworks */,
				3F3B8D9320557A70000CD179 /* Resources */,
			);
			buildRules = (
			);
			dependencies = (
				3F3B8D9720557A70000CD179 /* PBXTargetDependency */,
			);
			name = caogaoan3UITests;
			productName = caogaoan3UITests;
			productReference = 3F3B8D9520557A70000CD179 /* caogaoan3UITests.xctest */;
			productType = "com.apple.product-type.bundle.ui-testing";
		};
/* End PBXNativeTarget section */

/* Begin PBXProject section */
		3F3B8D6A20557A70000CD179 /* Project object */ = {
			isa = PBXProject;
			attributes = {
				LastUpgradeCheck = 0920;
				ORGANIZATIONNAME = MountainX;
				TargetAttributes = {
					3F3B8D7120557A70000CD179 = {
						CreatedOnToolsVersion = 9.2;
						ProvisioningStyle = Automatic;
					};
					3F3B8D8920557A70000CD179 = {
						CreatedOnToolsVersion = 9.2;
						ProvisioningStyle = Automatic;
						TestTargetID = 3F3B8D7120557A70000CD179;
					};
					3F3B8D9420557A70000CD179 = {
						CreatedOnToolsVersion = 9.2;
						ProvisioningStyle = Automatic;
						TestTargetID = 3F3B8D7120557A70000CD179;
					};
				};
			};
			buildConfigurationList = 3F3B8D6D20557A70000CD179 /* Build configuration list for PBXProject "caogaoan3" */;
			compatibilityVersion = "Xcode 8.0";
			developmentRegion = en;
			hasScannedForEncodings = 0;
			knownRegions = (
				en,
				Base,
			);
			mainGroup = 3F3B8D6920557A70000CD179;
			productRefGroup = 3F3B8D7320557A70000CD179 /* Products */;
			projectDirPath = "";
			projectRoot = "";
			targets = (
				3F3B8D7120557A70000CD179 /* caogaoan3 */,
				3F3B8D8920557A70000CD179 /* caogaoan3Tests */,
				3F3B8D9420557A70000CD179 /* caogaoan3UITests */,
			);
		};
/* End PBXProject section */

/* Begin PBXResourcesBuildPhase section */
		3F3B8D7020557A70000CD179 /* Resources */ = {
			isa = PBXResourcesBuildPhase;
			buildActionMask = 2147483647;
			files = (
				3F3B8D8220557A70000CD179 /* LaunchScreen.storyboard in Resources */,
				3F3B8D7F20557A70000CD179 /* Assets.xcassets in Resources */,
				3F3B8DA820557B1C000CD179 /* Podfile in Resources */,
				3F3B8D7D20557A70000CD179 /* Main.storyboard in Resources */,
			);
			runOnlyForDeploymentPostprocessing = 0;
		};
		3F3B8D8820557A70000CD179 /* Resources */ = {
			isa = PBXResourcesBuildPhase;
			buildActionMask = 2147483647;
			files = (
			);
			runOnlyForDeploymentPostprocessing = 0;
		};
		3F3B8D9320557A70000CD179 /* Resources */ = {
			isa = PBXResourcesBuildPhase;
			buildActionMask = 2147483647;
			files = (
			);
			runOnlyForDeploymentPostprocessing = 0;
		};
/* End PBXResourcesBuildPhase section */

/* Begin PBXShellScriptBuildPhase section */
		26F37E0F6C0F5E55BCF7CB2F /* [CP] Check Pods Manifest.lock */ = {
			isa = PBXShellScriptBuildPhase;
			buildActionMask = 2147483647;
			files = (
			);
			inputPaths = (
				"${PODS_PODFILE_DIR_PATH}/Podfile.lock",
				"${PODS_ROOT}/Manifest.lock",
			);
			name = "[CP] Check Pods Manifest.lock";
			outputPaths = (
				"$(DERIVED_FILE_DIR)/Pods-caogaoan3-checkManifestLockResult.txt",
			);
			runOnlyForDeploymentPostprocessing = 0;
			shellPath = /bin/sh;
			shellScript = "diff \"${PODS_PODFILE_DIR_PATH}/Podfile.lock\" \"${PODS_ROOT}/Manifest.lock\" > /dev/null\nif [ $? != 0 ] ; then\n    # print error to STDERR\n    echo \"error: The sandbox is not in sync with the Podfile.lock. Run 'pod install' or update your CocoaPods installation.\" >&2\n    exit 1\nfi\n# This output is used by Xcode 'outputs' to avoid re-running this script phase.\necho \"SUCCESS\" > \"${SCRIPT_OUTPUT_FILE_0}\"\n";
			showEnvVarsInLog = 0;
		};
		772447BCB7243F74E4E77E5D /* [CP] Copy Pods Resources */ = {
			isa = PBXShellScriptBuildPhase;
			buildActionMask = 2147483647;
			files = (
			);
			inputPaths = (
			);
			name = "[CP] Copy Pods Resources";
			outputPaths = (
			);
			runOnlyForDeploymentPostprocessing = 0;
			shellPath = /bin/sh;
			shellScript = "\"${SRCROOT}/Pods/Target Support Files/Pods-caogaoan3/Pods-caogaoan3-resources.sh\"\n";
			showEnvVarsInLog = 0;
		};
		7F60773E650C83943BCB542B /* [CP] Embed Pods Frameworks */ = {
			isa = PBXShellScriptBuildPhase;
			buildActionMask = 2147483647;
			files = (
			);
			inputPaths = (
			);
			name = "[CP] Embed Pods Frameworks";
			outputPaths = (
			);
			runOnlyForDeploymentPostprocessing = 0;
			shellPath = /bin/sh;
			shellScript = "\"${SRCROOT}/Pods/Target Support Files/Pods-caogaoan3/Pods-caogaoan3-frameworks.sh\"\n";
			showEnvVarsInLog = 0;
		};
/* End PBXShellScriptBuildPhase section */

/* Begin PBXSourcesBuildPhase section */
		3F3B8D6E20557A70000CD179 /* Sources */ = {
			isa = PBXSourcesBuildPhase;
			buildActionMask = 2147483647;
			files = (
				3F3B8DB820557C25000CD179 /* Son.m in Sources */,
				3F3B8D7A20557A70000CD179 /* ViewController.m in Sources */,
				3F3EFC67208253A4002948DF /* LookBlockInRuntime.m in Sources */,
				3FB8B1DB20878DCC00F5E420 /* GCDViewController.m in Sources */,
				3F3B8DB420557C25000CD179 /* Father.m in Sources */,
				3F82D480205FEFE900853596 /* IMController.m in Sources */,
				3F82D478205FDDFB00853596 /* CoreTextController.m in Sources */,
				3F3B8DB520557C25000CD179 /* TestMsgSend.m in Sources */,
				3F3B8D8520557A70000CD179 /* main.m in Sources */,
				3F3B8D7720557A70000CD179 /* AppDelegate.m in Sources */,
				3F3B8DB720557C25000CD179 /* TestMsgSendFather.m in Sources */,
				3F82D47B205FDE1900853596 /* CTDisplayView.m in Sources */,
				3F991F7A2084E6BA00C4274D /* ArchiverTool.m in Sources */,
				3F3B8DB620557C25000CD179 /* TestMsgsend1.m in Sources */,
				3F991F7D2084EA6400C4274D /* ArchiveCopyController.m in Sources */,
				3F991F832084EB1700C4274D /* RootViewController.m in Sources */,
				3F991F772084E64B00C4274D /* Person.m in Sources */,
				3F82D484205FF89800853596 /* RACController.m in Sources */,
				3FBF8DB7205ABC0700D6A716 /* SocketController.m in Sources */,
			);
			runOnlyForDeploymentPostprocessing = 0;
		};
		3F3B8D8620557A70000CD179 /* Sources */ = {
			isa = PBXSourcesBuildPhase;
			buildActionMask = 2147483647;
			files = (
				3F3B8D8F20557A70000CD179 /* caogaoan3Tests.m in Sources */,
			);
			runOnlyForDeploymentPostprocessing = 0;
		};
		3F3B8D9120557A70000CD179 /* Sources */ = {
			isa = PBXSourcesBuildPhase;
			buildActionMask = 2147483647;
			files = (
				3F3B8D9A20557A70000CD179 /* caogaoan3UITests.m in Sources */,
			);
			runOnlyForDeploymentPostprocessing = 0;
		};
/* End PBXSourcesBuildPhase section */

/* Begin PBXTargetDependency section */
		3F3B8D8C20557A70000CD179 /* PBXTargetDependency */ = {
			isa = PBXTargetDependency;
			target = 3F3B8D7120557A70000CD179 /* caogaoan3 */;
			targetProxy = 3F3B8D8B20557A70000CD179 /* PBXContainerItemProxy */;
		};
		3F3B8D9720557A70000CD179 /* PBXTargetDependency */ = {
			isa = PBXTargetDependency;
			target = 3F3B8D7120557A70000CD179 /* caogaoan3 */;
			targetProxy = 3F3B8D9620557A70000CD179 /* PBXContainerItemProxy */;
		};
/* End PBXTargetDependency section */

/* Begin PBXVariantGroup section */
		3F3B8D7B20557A70000CD179 /* Main.storyboard */ = {
			isa = PBXVariantGroup;
			children = (
				3F3B8D7C20557A70000CD179 /* Base */,
			);
			name = Main.storyboard;
			sourceTree = "<group>";
		};
		3F3B8D8020557A70000CD179 /* LaunchScreen.storyboard */ = {
			isa = PBXVariantGroup;
			children = (
				3F3B8D8120557A70000CD179 /* Base */,
			);
			name = LaunchScreen.storyboard;
			sourceTree = "<group>";
		};
/* End PBXVariantGroup section */

/* Begin XCBuildConfiguration section */
		3F3B8D9C20557A70000CD179 /* Debug */ = {
			isa = XCBuildConfiguration;
			buildSettings = {
				ALWAYS_SEARCH_USER_PATHS = NO;
				CLANG_ANALYZER_NONNULL = YES;
				CLANG_ANALYZER_NUMBER_OBJECT_CONVERSION = YES_AGGRESSIVE;
				CLANG_CXX_LANGUAGE_STANDARD = "gnu++14";
				CLANG_CXX_LIBRARY = "libc++";
				CLANG_ENABLE_MODULES = YES;
				CLANG_ENABLE_OBJC_ARC = YES;
				CLANG_WARN_BLOCK_CAPTURE_AUTORELEASING = YES;
				CLANG_WARN_BOOL_CONVERSION = YES;
				CLANG_WARN_COMMA = YES;
				CLANG_WARN_CONSTANT_CONVERSION = YES;
				CLANG_WARN_DIRECT_OBJC_ISA_USAGE = YES_ERROR;
				CLANG_WARN_DOCUMENTATION_COMMENTS = YES;
				CLANG_WARN_EMPTY_BODY = YES;
				CLANG_WARN_ENUM_CONVERSION = YES;
				CLANG_WARN_INFINITE_RECURSION = YES;
				CLANG_WARN_INT_CONVERSION = YES;
				CLANG_WARN_NON_LITERAL_NULL_CONVERSION = YES;
				CLANG_WARN_OBJC_LITERAL_CONVERSION = YES;
				CLANG_WARN_OBJC_ROOT_CLASS = YES_ERROR;
				CLANG_WARN_RANGE_LOOP_ANALYSIS = YES;
				CLANG_WARN_STRICT_PROTOTYPES = YES;
				CLANG_WARN_SUSPICIOUS_MOVE = YES;
				CLANG_WARN_UNGUARDED_AVAILABILITY = YES_AGGRESSIVE;
				CLANG_WARN_UNREACHABLE_CODE = YES;
				CLANG_WARN__DUPLICATE_METHOD_MATCH = YES;
				CODE_SIGN_IDENTITY = "iPhone Developer";
				COPY_PHASE_STRIP = NO;
				DEBUG_INFORMATION_FORMAT = dwarf;
				ENABLE_STRICT_OBJC_MSGSEND = YES;
				ENABLE_TESTABILITY = YES;
				GCC_C_LANGUAGE_STANDARD = gnu11;
				GCC_DYNAMIC_NO_PIC = NO;
				GCC_NO_COMMON_BLOCKS = YES;
				GCC_OPTIMIZATION_LEVEL = 0;
				GCC_PREPROCESSOR_DEFINITIONS = (
					"DEBUG=1",
					"$(inherited)",
				);
				GCC_WARN_64_TO_32_BIT_CONVERSION = YES;
				GCC_WARN_ABOUT_RETURN_TYPE = YES_ERROR;
				GCC_WARN_UNDECLARED_SELECTOR = YES;
				GCC_WARN_UNINITIALIZED_AUTOS = YES_AGGRESSIVE;
				GCC_WARN_UNUSED_FUNCTION = YES;
				GCC_WARN_UNUSED_VARIABLE = YES;
				IPHONEOS_DEPLOYMENT_TARGET = 11.2;
				MTL_ENABLE_DEBUG_INFO = YES;
				ONLY_ACTIVE_ARCH = YES;
				SDKROOT = iphoneos;
			};
			name = Debug;
		};
		3F3B8D9D20557A70000CD179 /* Release */ = {
			isa = XCBuildConfiguration;
			buildSettings = {
				ALWAYS_SEARCH_USER_PATHS = NO;
				CLANG_ANALYZER_NONNULL = YES;
				CLANG_ANALYZER_NUMBER_OBJECT_CONVERSION = YES_AGGRESSIVE;
				CLANG_CXX_LANGUAGE_STANDARD = "gnu++14";
				CLANG_CXX_LIBRARY = "libc++";
				CLANG_ENABLE_MODULES = YES;
				CLANG_ENABLE_OBJC_ARC = YES;
				CLANG_WARN_BLOCK_CAPTURE_AUTORELEASING = YES;
				CLANG_WARN_BOOL_CONVERSION = YES;
				CLANG_WARN_COMMA = YES;
				CLANG_WARN_CONSTANT_CONVERSION = YES;
				CLANG_WARN_DIRECT_OBJC_ISA_USAGE = YES_ERROR;
				CLANG_WARN_DOCUMENTATION_COMMENTS = YES;
				CLANG_WARN_EMPTY_BODY = YES;
				CLANG_WARN_ENUM_CONVERSION = YES;
				CLANG_WARN_INFINITE_RECURSION = YES;
				CLANG_WARN_INT_CONVERSION = YES;
				CLANG_WARN_NON_LITERAL_NULL_CONVERSION = YES;
				CLANG_WARN_OBJC_LITERAL_CONVERSION = YES;
				CLANG_WARN_OBJC_ROOT_CLASS = YES_ERROR;
				CLANG_WARN_RANGE_LOOP_ANALYSIS = YES;
				CLANG_WARN_STRICT_PROTOTYPES = YES;
				CLANG_WARN_SUSPICIOUS_MOVE = YES;
				CLANG_WARN_UNGUARDED_AVAILABILITY = YES_AGGRESSIVE;
				CLANG_WARN_UNREACHABLE_CODE = YES;
				CLANG_WARN__DUPLICATE_METHOD_MATCH = YES;
				CODE_SIGN_IDENTITY = "iPhone Developer";
				COPY_PHASE_STRIP = NO;
				DEBUG_INFORMATION_FORMAT = "dwarf-with-dsym";
				ENABLE_NS_ASSERTIONS = NO;
				ENABLE_STRICT_OBJC_MSGSEND = YES;
				GCC_C_LANGUAGE_STANDARD = gnu11;
				GCC_NO_COMMON_BLOCKS = YES;
				GCC_WARN_64_TO_32_BIT_CONVERSION = YES;
				GCC_WARN_ABOUT_RETURN_TYPE = YES_ERROR;
				GCC_WARN_UNDECLARED_SELECTOR = YES;
				GCC_WARN_UNINITIALIZED_AUTOS = YES_AGGRESSIVE;
				GCC_WARN_UNUSED_FUNCTION = YES;
				GCC_WARN_UNUSED_VARIABLE = YES;
				IPHONEOS_DEPLOYMENT_TARGET = 11.2;
				MTL_ENABLE_DEBUG_INFO = NO;
				SDKROOT = iphoneos;
				VALIDATE_PRODUCT = YES;
			};
			name = Release;
		};
		3F3B8D9F20557A70000CD179 /* Debug */ = {
			isa = XCBuildConfiguration;
			baseConfigurationReference = 25FA2FC84E2BB44DE664D6AA /* Pods-caogaoan3.debug.xcconfig */;
			buildSettings = {
				ASSETCATALOG_COMPILER_APPICON_NAME = AppIcon;
				"CODE_SIGN_IDENTITY[sdk=iphoneos*]" = "iPhone Developer";
				CODE_SIGN_STYLE = Automatic;
				DEVELOPMENT_TEAM = VL5ZU9MNL4;
				INFOPLIST_FILE = caogaoan3/Info.plist;
				LD_RUNPATH_SEARCH_PATHS = "$(inherited) @executable_path/Frameworks";
				PRODUCT_BUNDLE_IDENTIFIER = com.MountainX.caogaoan3;
				PRODUCT_NAME = "$(TARGET_NAME)";
				PROVISIONING_PROFILE_SPECIFIER = "";
				TARGETED_DEVICE_FAMILY = "1,2";
			};
			name = Debug;
		};
		3F3B8DA020557A70000CD179 /* Release */ = {
			isa = XCBuildConfiguration;
			baseConfigurationReference = 3C73453CE994885FDD0EBE8B /* Pods-caogaoan3.release.xcconfig */;
			buildSettings = {
				ASSETCATALOG_COMPILER_APPICON_NAME = AppIcon;
				"CODE_SIGN_IDENTITY[sdk=iphoneos*]" = "iPhone Developer";
				CODE_SIGN_STYLE = Automatic;
				DEVELOPMENT_TEAM = VL5ZU9MNL4;
				INFOPLIST_FILE = caogaoan3/Info.plist;
				LD_RUNPATH_SEARCH_PATHS = "$(inherited) @executable_path/Frameworks";
				PRODUCT_BUNDLE_IDENTIFIER = com.MountainX.caogaoan3;
				PRODUCT_NAME = "$(TARGET_NAME)";
				PROVISIONING_PROFILE_SPECIFIER = "";
				TARGETED_DEVICE_FAMILY = "1,2";
			};
			name = Release;
		};
		3F3B8DA220557A70000CD179 /* Debug */ = {
			isa = XCBuildConfiguration;
			buildSettings = {
				BUNDLE_LOADER = "$(TEST_HOST)";
				CODE_SIGN_STYLE = Automatic;
				INFOPLIST_FILE = caogaoan3Tests/Info.plist;
				LD_RUNPATH_SEARCH_PATHS = "$(inherited) @executable_path/Frameworks @loader_path/Frameworks";
				PRODUCT_BUNDLE_IDENTIFIER = com.MountainX.caogaoan3Tests;
				PRODUCT_NAME = "$(TARGET_NAME)";
				TARGETED_DEVICE_FAMILY = "1,2";
				TEST_HOST = "$(BUILT_PRODUCTS_DIR)/caogaoan3.app/caogaoan3";
			};
			name = Debug;
		};
		3F3B8DA320557A70000CD179 /* Release */ = {
			isa = XCBuildConfiguration;
			buildSettings = {
				BUNDLE_LOADER = "$(TEST_HOST)";
				CODE_SIGN_STYLE = Automatic;
				INFOPLIST_FILE = caogaoan3Tests/Info.plist;
				LD_RUNPATH_SEARCH_PATHS = "$(inherited) @executable_path/Frameworks @loader_path/Frameworks";
				PRODUCT_BUNDLE_IDENTIFIER = com.MountainX.caogaoan3Tests;
				PRODUCT_NAME = "$(TARGET_NAME)";
				TARGETED_DEVICE_FAMILY = "1,2";
				TEST_HOST = "$(BUILT_PRODUCTS_DIR)/caogaoan3.app/caogaoan3";
			};
			name = Release;
		};
		3F3B8DA520557A70000CD179 /* Debug */ = {
			isa = XCBuildConfiguration;
			buildSettings = {
				CODE_SIGN_STYLE = Automatic;
				INFOPLIST_FILE = caogaoan3UITests/Info.plist;
				LD_RUNPATH_SEARCH_PATHS = "$(inherited) @executable_path/Frameworks @loader_path/Frameworks";
				PRODUCT_BUNDLE_IDENTIFIER = com.MountainX.caogaoan3UITests;
				PRODUCT_NAME = "$(TARGET_NAME)";
				TARGETED_DEVICE_FAMILY = "1,2";
				TEST_TARGET_NAME = caogaoan3;
			};
			name = Debug;
		};
		3F3B8DA620557A70000CD179 /* Release */ = {
			isa = XCBuildConfiguration;
			buildSettings = {
				CODE_SIGN_STYLE = Automatic;
				INFOPLIST_FILE = caogaoan3UITests/Info.plist;
				LD_RUNPATH_SEARCH_PATHS = "$(inherited) @executable_path/Frameworks @loader_path/Frameworks";
				PRODUCT_BUNDLE_IDENTIFIER = com.MountainX.caogaoan3UITests;
				PRODUCT_NAME = "$(TARGET_NAME)";
				TARGETED_DEVICE_FAMILY = "1,2";
				TEST_TARGET_NAME = caogaoan3;
			};
			name = Release;
		};
/* End XCBuildConfiguration section */

/* Begin XCConfigurationList section */
		3F3B8D6D20557A70000CD179 /* Build configuration list for PBXProject "caogaoan3" */ = {
			isa = XCConfigurationList;
			buildConfigurations = (
				3F3B8D9C20557A70000CD179 /* Debug */,
				3F3B8D9D20557A70000CD179 /* Release */,
			);
			defaultConfigurationIsVisible = 0;
			defaultConfigurationName = Release;
		};
		3F3B8D9E20557A70000CD179 /* Build configuration list for PBXNativeTarget "caogaoan3" */ = {
			isa = XCConfigurationList;
			buildConfigurations = (
				3F3B8D9F20557A70000CD179 /* Debug */,
				3F3B8DA020557A70000CD179 /* Release */,
			);
			defaultConfigurationIsVisible = 0;
			defaultConfigurationName = Release;
		};
		3F3B8DA120557A70000CD179 /* Build configuration list for PBXNativeTarget "caogaoan3Tests" */ = {
			isa = XCConfigurationList;
			buildConfigurations = (
				3F3B8DA220557A70000CD179 /* Debug */,
				3F3B8DA320557A70000CD179 /* Release */,
			);
			defaultConfigurationIsVisible = 0;
			defaultConfigurationName = Release;
		};
		3F3B8DA420557A70000CD179 /* Build configuration list for PBXNativeTarget "caogaoan3UITests" */ = {
			isa = XCConfigurationList;
			buildConfigurations = (
				3F3B8DA520557A70000CD179 /* Debug */,
				3F3B8DA620557A70000CD179 /* Release */,
			);
			defaultConfigurationIsVisible = 0;
			defaultConfigurationName = Release;
		};
/* End XCConfigurationList section */
	};
	rootObject = 3F3B8D6A20557A70000CD179 /* Project object */;
}
